// !$*UTF8*$!
{
	archiveVersion = 1;
	classes = {
	};
	objectVersion = 50;
	objects = {

/* Begin PBXBuildFile section */
		83074ACF23EB048800D35712 /* Shaders.metal in Sources */ = {isa = PBXBuildFile; fileRef = 83074ACC23EB048800D35712 /* Shaders.metal */; };
		83074AD023EB048800D35712 /* TestMetalView.swift in Sources */ = {isa = PBXBuildFile; fileRef = 83074ACD23EB048800D35712 /* TestMetalView.swift */; };
		83074AF223EB056100D35712 /* Surfaces.swift in Sources */ = {isa = PBXBuildFile; fileRef = 83074AD823EB056100D35712 /* Surfaces.swift */; };
		83074AF323EB056100D35712 /* SlidingMenu.swift in Sources */ = {isa = PBXBuildFile; fileRef = 83074AD923EB056100D35712 /* SlidingMenu.swift */; };
		83074AF423EB056100D35712 /* SquirrelJob.swift in Sources */ = {isa = PBXBuildFile; fileRef = 83074ADA23EB056100D35712 /* SquirrelJob.swift */; };
		83074AF523EB056100D35712 /* ScreenBase.swift in Sources */ = {isa = PBXBuildFile; fileRef = 83074ADB23EB056100D35712 /* ScreenBase.swift */; };
		83074AF623EB056100D35712 /* NodeInterfaces.swift in Sources */ = {isa = PBXBuildFile; fileRef = 83074ADC23EB056100D35712 /* NodeInterfaces.swift */; };
		83074AF723EB056100D35712 /* Flag1.swift in Sources */ = {isa = PBXBuildFile; fileRef = 83074ADD23EB056100D35712 /* Flag1.swift */; };
		83074AF823EB056100D35712 /* NodeExt.swift in Sources */ = {isa = PBXBuildFile; fileRef = 83074ADE23EB056100D35712 /* NodeExt.swift */; };
		83074AF923EB056100D35712 /* Frame.swift in Sources */ = {isa = PBXBuildFile; fileRef = 83074ADF23EB056100D35712 /* Frame.swift */; };
		83074AFA23EB056100D35712 /* NumberNode.swift in Sources */ = {isa = PBXBuildFile; fileRef = 83074AE023EB056100D35712 /* NumberNode.swift */; };
		83074AFB23EB056100D35712 /* Squirrel.swift in Sources */ = {isa = PBXBuildFile; fileRef = 83074AE123EB056100D35712 /* Squirrel.swift */; };
		83074AFC23EB056100D35712 /* Button.swift in Sources */ = {isa = PBXBuildFile; fileRef = 83074AE223EB056100D35712 /* Button.swift */; };
		83074AFD23EB056100D35712 /* Node.swift in Sources */ = {isa = PBXBuildFile; fileRef = 83074AE323EB056100D35712 /* Node.swift */; };
		83074AFF23EB056100D35712 /* Chronometers.swift in Sources */ = {isa = PBXBuildFile; fileRef = 83074AE523EB056100D35712 /* Chronometers.swift */; };
		83074B0023EB056100D35712 /* README.md in Resources */ = {isa = PBXBuildFile; fileRef = 83074AE623EB056100D35712 /* README.md */; };
		83074B0123EB056100D35712 /* SmoothDimension.swift in Sources */ = {isa = PBXBuildFile; fileRef = 83074AE823EB056100D35712 /* SmoothDimension.swift */; };
		83074B0223EB056100D35712 /* MathsUtils.swift in Sources */ = {isa = PBXBuildFile; fileRef = 83074AE923EB056100D35712 /* MathsUtils.swift */; };
		83074B0323EB056100D35712 /* smTrans.swift in Sources */ = {isa = PBXBuildFile; fileRef = 83074AEA23EB056100D35712 /* smTrans.swift */; };
		83074B0523EB056100D35712 /* AppDelegateMacOS.swift in Sources */ = {isa = PBXBuildFile; fileRef = 83074AEC23EB056100D35712 /* AppDelegateMacOS.swift */; };
		8342A1E82571CED400ED9776 /* KeyboardStuff.swift in Sources */ = {isa = PBXBuildFile; fileRef = 8342A1E32571CED400ED9776 /* KeyboardStuff.swift */; };
		8342A1E92571CED400ED9776 /* ArrayAndData.swift in Sources */ = {isa = PBXBuildFile; fileRef = 8342A1E42571CED400ED9776 /* ArrayAndData.swift */; };
		8342A1EA2571CED400ED9776 /* Language.swift in Sources */ = {isa = PBXBuildFile; fileRef = 8342A1E52571CED400ED9776 /* Language.swift */; };
		8342A1EB2571CED400ED9776 /* FileManagerHelpers.swift in Sources */ = {isa = PBXBuildFile; fileRef = 8342A1E62571CED400ED9776 /* FileManagerHelpers.swift */; };
		8342A1EC2571CED400ED9776 /* swiftHelpers.swift in Sources */ = {isa = PBXBuildFile; fileRef = 8342A1E72571CED400ED9776 /* swiftHelpers.swift */; };
		8342A1EF2571CEDF00ED9776 /* InterpolatedAngle.swift in Sources */ = {isa = PBXBuildFile; fileRef = 8342A1EE2571CEDF00ED9776 /* InterpolatedAngle.swift */; };
		8342A1F22571CEEA00ED9776 /* RootNode.swift in Sources */ = {isa = PBXBuildFile; fileRef = 8342A1F12571CEEA00ED9776 /* RootNode.swift */; };
		8342A1FC2571CF2900ED9776 /* Mesh.swift in Sources */ = {isa = PBXBuildFile; fileRef = 8342A1F92571CF2900ED9776 /* Mesh.swift */; };
		8342A1FD2571CF2900ED9776 /* Texture.swift in Sources */ = {isa = PBXBuildFile; fileRef = 8342A1FA2571CF2900ED9776 /* Texture.swift */; };
		8342A1FE2571CF2900ED9776 /* Renderer.swift in Sources */ = {isa = PBXBuildFile; fileRef = 8342A1FB2571CF2900ED9776 /* Renderer.swift */; };
		8342A2042571D39200ED9776 /* Sound.swift in Sources */ = {isa = PBXBuildFile; fileRef = 8342A2032571D39200ED9776 /* Sound.swift */; };
		8342A2072571D3E800ED9776 /* BuildConfig.swift in Sources */ = {isa = PBXBuildFile; fileRef = 8342A2062571D3E800ED9776 /* BuildConfig.swift */; };
		835938A323E1D63D0085CD16 /* Assets.xcassets in Resources */ = {isa = PBXBuildFile; fileRef = 835938A223E1D63D0085CD16 /* Assets.xcassets */; };
		835938A623E1D63D0085CD16 /* MainMenu.xib in Resources */ = {isa = PBXBuildFile; fileRef = 835938A423E1D63D0085CD16 /* MainMenu.xib */; };
		83F8304F23E8E58E00A03FD1 /* pngs in Resources */ = {isa = PBXBuildFile; fileRef = 83F8304E23E8E58E00A03FD1 /* pngs */; };
		83F8305123E8E59900A03FD1 /* wavs in Resources */ = {isa = PBXBuildFile; fileRef = 83F8305023E8E59800A03FD1 /* wavs */; };
/* End PBXBuildFile section */

/* Begin PBXFileReference section */
		83074ACC23EB048800D35712 /* Shaders.metal */ = {isa = PBXFileReference; fileEncoding = 4; lastKnownFileType = sourcecode.metal; path = Shaders.metal; sourceTree = "<group>"; };
		83074ACD23EB048800D35712 /* TestMetalView.swift */ = {isa = PBXFileReference; fileEncoding = 4; lastKnownFileType = sourcecode.swift; path = TestMetalView.swift; sourceTree = "<group>"; };
		83074AD823EB056100D35712 /* Surfaces.swift */ = {isa = PBXFileReference; fileEncoding = 4; lastKnownFileType = sourcecode.swift; path = Surfaces.swift; sourceTree = "<group>"; };
		83074AD923EB056100D35712 /* SlidingMenu.swift */ = {isa = PBXFileReference; fileEncoding = 4; lastKnownFileType = sourcecode.swift; path = SlidingMenu.swift; sourceTree = "<group>"; };
		83074ADA23EB056100D35712 /* SquirrelJob.swift */ = {isa = PBXFileReference; fileEncoding = 4; lastKnownFileType = sourcecode.swift; path = SquirrelJob.swift; sourceTree = "<group>"; };
		83074ADB23EB056100D35712 /* ScreenBase.swift */ = {isa = PBXFileReference; fileEncoding = 4; lastKnownFileType = sourcecode.swift; path = ScreenBase.swift; sourceTree = "<group>"; };
		83074ADC23EB056100D35712 /* NodeInterfaces.swift */ = {isa = PBXFileReference; fileEncoding = 4; lastKnownFileType = sourcecode.swift; path = NodeInterfaces.swift; sourceTree = "<group>"; };
		83074ADD23EB056100D35712 /* Flag1.swift */ = {isa = PBXFileReference; fileEncoding = 4; lastKnownFileType = sourcecode.swift; path = Flag1.swift; sourceTree = "<group>"; };
		83074ADE23EB056100D35712 /* NodeExt.swift */ = {isa = PBXFileReference; fileEncoding = 4; lastKnownFileType = sourcecode.swift; path = NodeExt.swift; sourceTree = "<group>"; };
		83074ADF23EB056100D35712 /* Frame.swift */ = {isa = PBXFileReference; fileEncoding = 4; lastKnownFileType = sourcecode.swift; path = Frame.swift; sourceTree = "<group>"; };
		83074AE023EB056100D35712 /* NumberNode.swift */ = {isa = PBXFileReference; fileEncoding = 4; lastKnownFileType = sourcecode.swift; path = NumberNode.swift; sourceTree = "<group>"; };
		83074AE123EB056100D35712 /* Squirrel.swift */ = {isa = PBXFileReference; fileEncoding = 4; lastKnownFileType = sourcecode.swift; path = Squirrel.swift; sourceTree = "<group>"; };
		83074AE223EB056100D35712 /* Button.swift */ = {isa = PBXFileReference; fileEncoding = 4; lastKnownFileType = sourcecode.swift; path = Button.swift; sourceTree = "<group>"; };
		83074AE323EB056100D35712 /* Node.swift */ = {isa = PBXFileReference; fileEncoding = 4; lastKnownFileType = sourcecode.swift; path = Node.swift; sourceTree = "<group>"; };
		83074AE523EB056100D35712 /* Chronometers.swift */ = {isa = PBXFileReference; fileEncoding = 4; lastKnownFileType = sourcecode.swift; path = Chronometers.swift; sourceTree = "<group>"; };
		83074AE623EB056100D35712 /* README.md */ = {isa = PBXFileReference; fileEncoding = 4; lastKnownFileType = net.daringfireball.markdown; path = README.md; sourceTree = "<group>"; };
		83074AE823EB056100D35712 /* SmoothDimension.swift */ = {isa = PBXFileReference; fileEncoding = 4; lastKnownFileType = sourcecode.swift; path = SmoothDimension.swift; sourceTree = "<group>"; };
		83074AE923EB056100D35712 /* MathsUtils.swift */ = {isa = PBXFileReference; fileEncoding = 4; lastKnownFileType = sourcecode.swift; path = MathsUtils.swift; sourceTree = "<group>"; };
		83074AEA23EB056100D35712 /* smTrans.swift */ = {isa = PBXFileReference; fileEncoding = 4; lastKnownFileType = sourcecode.swift; path = smTrans.swift; sourceTree = "<group>"; };
		83074AEC23EB056100D35712 /* AppDelegateMacOS.swift */ = {isa = PBXFileReference; fileEncoding = 4; lastKnownFileType = sourcecode.swift; path = AppDelegateMacOS.swift; sourceTree = "<group>"; };
		8342A1E32571CED400ED9776 /* KeyboardStuff.swift */ = {isa = PBXFileReference; fileEncoding = 4; lastKnownFileType = sourcecode.swift; path = KeyboardStuff.swift; sourceTree = "<group>"; };
		8342A1E42571CED400ED9776 /* ArrayAndData.swift */ = {isa = PBXFileReference; fileEncoding = 4; lastKnownFileType = sourcecode.swift; path = ArrayAndData.swift; sourceTree = "<group>"; };
		8342A1E52571CED400ED9776 /* Language.swift */ = {isa = PBXFileReference; fileEncoding = 4; lastKnownFileType = sourcecode.swift; path = Language.swift; sourceTree = "<group>"; };
		8342A1E62571CED400ED9776 /* FileManagerHelpers.swift */ = {isa = PBXFileReference; fileEncoding = 4; lastKnownFileType = sourcecode.swift; path = FileManagerHelpers.swift; sourceTree = "<group>"; };
		8342A1E72571CED400ED9776 /* swiftHelpers.swift */ = {isa = PBXFileReference; fileEncoding = 4; lastKnownFileType = sourcecode.swift; path = swiftHelpers.swift; sourceTree = "<group>"; };
		8342A1EE2571CEDF00ED9776 /* InterpolatedAngle.swift */ = {isa = PBXFileReference; fileEncoding = 4; lastKnownFileType = sourcecode.swift; path = InterpolatedAngle.swift; sourceTree = "<group>"; };
		8342A1F12571CEEA00ED9776 /* RootNode.swift */ = {isa = PBXFileReference; fileEncoding = 4; lastKnownFileType = sourcecode.swift; path = RootNode.swift; sourceTree = "<group>"; };
		8342A1F92571CF2900ED9776 /* Mesh.swift */ = {isa = PBXFileReference; fileEncoding = 4; lastKnownFileType = sourcecode.swift; path = Mesh.swift; sourceTree = "<group>"; };
		8342A1FA2571CF2900ED9776 /* Texture.swift */ = {isa = PBXFileReference; fileEncoding = 4; lastKnownFileType = sourcecode.swift; path = Texture.swift; sourceTree = "<group>"; };
		8342A1FB2571CF2900ED9776 /* Renderer.swift */ = {isa = PBXFileReference; fileEncoding = 4; lastKnownFileType = sourcecode.swift; path = Renderer.swift; sourceTree = "<group>"; };
		8342A2032571D39200ED9776 /* Sound.swift */ = {isa = PBXFileReference; lastKnownFileType = sourcecode.swift; path = Sound.swift; sourceTree = "<group>"; };
		8342A2062571D3E800ED9776 /* BuildConfig.swift */ = {isa = PBXFileReference; lastKnownFileType = sourcecode.swift; path = BuildConfig.swift; sourceTree = "<group>"; };
		8359389D23E1D63C0085CD16 /* testcocoblio.app */ = {isa = PBXFileReference; explicitFileType = wrapper.application; includeInIndex = 0; path = testcocoblio.app; sourceTree = BUILT_PRODUCTS_DIR; };
		835938A223E1D63D0085CD16 /* Assets.xcassets */ = {isa = PBXFileReference; lastKnownFileType = folder.assetcatalog; path = Assets.xcassets; sourceTree = "<group>"; };
		835938A523E1D63D0085CD16 /* Base */ = {isa = PBXFileReference; lastKnownFileType = file.xib; name = Base; path = Base.lproj/MainMenu.xib; sourceTree = "<group>"; };
		835938A723E1D63D0085CD16 /* Info.plist */ = {isa = PBXFileReference; lastKnownFileType = text.plist.xml; path = Info.plist; sourceTree = "<group>"; };
		835938A823E1D63D0085CD16 /* testcocoblio.entitlements */ = {isa = PBXFileReference; lastKnownFileType = text.plist.entitlements; path = testcocoblio.entitlements; sourceTree = "<group>"; };
		83F8304E23E8E58E00A03FD1 /* pngs */ = {isa = PBXFileReference; lastKnownFileType = folder; path = pngs; sourceTree = "<group>"; };
		83F8305023E8E59800A03FD1 /* wavs */ = {isa = PBXFileReference; lastKnownFileType = folder; path = wavs; sourceTree = "<group>"; };
/* End PBXFileReference section */

/* Begin PBXFrameworksBuildPhase section */
		8359389A23E1D63C0085CD16 /* Frameworks */ = {
			isa = PBXFrameworksBuildPhase;
			buildActionMask = 2147483647;
			files = (
			);
			runOnlyForDeploymentPostprocessing = 0;
		};
/* End PBXFrameworksBuildPhase section */

/* Begin PBXGroup section */
		83074ACA23EB03B400D35712 /* code */ = {
			isa = PBXGroup;
			children = (
				83074ACC23EB048800D35712 /* Shaders.metal */,
				83074ACD23EB048800D35712 /* TestMetalView.swift */,
				8342A2032571D39200ED9776 /* Sound.swift */,
				8342A2062571D3E800ED9776 /* BuildConfig.swift */,
			);
			path = code;
			sourceTree = "<group>";
		};
		83074AD323EB056100D35712 /* cocoblio */ = {
			isa = PBXGroup;
			children = (
				8342A1F82571CF2900ED9776 /* graphs */,
				8342A1E42571CED400ED9776 /* ArrayAndData.swift */,
				8342A1E62571CED400ED9776 /* FileManagerHelpers.swift */,
				8342A1E32571CED400ED9776 /* KeyboardStuff.swift */,
				8342A1E52571CED400ED9776 /* Language.swift */,
				8342A1E72571CED400ED9776 /* swiftHelpers.swift */,
				83074AEC23EB056100D35712 /* AppDelegateMacOS.swift */,
				83074AE523EB056100D35712 /* Chronometers.swift */,
				83074AE723EB056100D35712 /* maths */,
				83074AD723EB056100D35712 /* nodes */,
				83074AE623EB056100D35712 /* README.md */,
			);
			name = cocoblio;
			path = ../cocoblio;
			sourceTree = "<group>";
		};
		83074AD723EB056100D35712 /* nodes */ = {
			isa = PBXGroup;
			children = (
				8342A1F12571CEEA00ED9776 /* RootNode.swift */,
				83074AD823EB056100D35712 /* Surfaces.swift */,
				83074AD923EB056100D35712 /* SlidingMenu.swift */,
				83074ADA23EB056100D35712 /* SquirrelJob.swift */,
				83074ADB23EB056100D35712 /* ScreenBase.swift */,
				83074ADC23EB056100D35712 /* NodeInterfaces.swift */,
				83074ADD23EB056100D35712 /* Flag1.swift */,
				83074ADE23EB056100D35712 /* NodeExt.swift */,
				83074ADF23EB056100D35712 /* Frame.swift */,
				83074AE023EB056100D35712 /* NumberNode.swift */,
				83074AE123EB056100D35712 /* Squirrel.swift */,
				83074AE223EB056100D35712 /* Button.swift */,
				83074AE323EB056100D35712 /* Node.swift */,
			);
			path = nodes;
			sourceTree = "<group>";
		};
		83074AE723EB056100D35712 /* maths */ = {
			isa = PBXGroup;
			children = (
				8342A1EE2571CEDF00ED9776 /* InterpolatedAngle.swift */,
				83074AE823EB056100D35712 /* SmoothDimension.swift */,
				83074AE923EB056100D35712 /* MathsUtils.swift */,
				83074AEA23EB056100D35712 /* smTrans.swift */,
			);
			path = maths;
			sourceTree = "<group>";
		};
		8342A1F82571CF2900ED9776 /* graphs */ = {
			isa = PBXGroup;
			children = (
				8342A1F92571CF2900ED9776 /* Mesh.swift */,
				8342A1FA2571CF2900ED9776 /* Texture.swift */,
				8342A1FB2571CF2900ED9776 /* Renderer.swift */,
			);
			path = graphs;
			sourceTree = "<group>";
		};
		8359389423E1D63C0085CD16 = {
			isa = PBXGroup;
			children = (
				83074ACA23EB03B400D35712 /* code */,
				83074AD323EB056100D35712 /* cocoblio */,
				83F8303423E8E0F600A03FD1 /* Resources */,
				8359389F23E1D63C0085CD16 /* testcocoblio */,
				8359389E23E1D63C0085CD16 /* Products */,
			);
			sourceTree = "<group>";
		};
		8359389E23E1D63C0085CD16 /* Products */ = {
			isa = PBXGroup;
			children = (
				8359389D23E1D63C0085CD16 /* testcocoblio.app */,
			);
			name = Products;
			sourceTree = "<group>";
		};
		8359389F23E1D63C0085CD16 /* testcocoblio */ = {
			isa = PBXGroup;
			children = (
				835938A223E1D63D0085CD16 /* Assets.xcassets */,
				835938A423E1D63D0085CD16 /* MainMenu.xib */,
				835938A723E1D63D0085CD16 /* Info.plist */,
				835938A823E1D63D0085CD16 /* testcocoblio.entitlements */,
			);
			path = testcocoblio;
			sourceTree = "<group>";
		};
		83F8303423E8E0F600A03FD1 /* Resources */ = {
			isa = PBXGroup;
			children = (
				83F8305023E8E59800A03FD1 /* wavs */,
				83F8304E23E8E58E00A03FD1 /* pngs */,
			);
			path = Resources;
			sourceTree = "<group>";
		};
/* End PBXGroup section */

/* Begin PBXNativeTarget section */
		8359389C23E1D63C0085CD16 /* testcocoblio */ = {
			isa = PBXNativeTarget;
			buildConfigurationList = 835938AB23E1D63D0085CD16 /* Build configuration list for PBXNativeTarget "testcocoblio" */;
			buildPhases = (
				8359389923E1D63C0085CD16 /* Sources */,
				8359389A23E1D63C0085CD16 /* Frameworks */,
				8359389B23E1D63C0085CD16 /* Resources */,
			);
			buildRules = (
			);
			dependencies = (
			);
			name = testcocoblio;
			productName = testcocoblio;
			productReference = 8359389D23E1D63C0085CD16 /* testcocoblio.app */;
			productType = "com.apple.product-type.application";
		};
/* End PBXNativeTarget section */

/* Begin PBXProject section */
		8359389523E1D63C0085CD16 /* Project object */ = {
			isa = PBXProject;
			attributes = {
				LastSwiftUpdateCheck = 1130;
				LastUpgradeCheck = 1130;
				ORGANIZATIONNAME = "Corentin Faucher";
				TargetAttributes = {
					8359389C23E1D63C0085CD16 = {
						CreatedOnToolsVersion = 11.3.1;
						LastSwiftMigration = 1130;
					};
				};
			};
			buildConfigurationList = 8359389823E1D63C0085CD16 /* Build configuration list for PBXProject "testcocoblio" */;
			compatibilityVersion = "Xcode 9.3";
			developmentRegion = en;
			hasScannedForEncodings = 0;
			knownRegions = (
				en,
				Base,
			);
			mainGroup = 8359389423E1D63C0085CD16;
			productRefGroup = 8359389E23E1D63C0085CD16 /* Products */;
			projectDirPath = "";
			projectRoot = "";
			targets = (
				8359389C23E1D63C0085CD16 /* testcocoblio */,
			);
		};
/* End PBXProject section */

/* Begin PBXResourcesBuildPhase section */
		8359389B23E1D63C0085CD16 /* Resources */ = {
			isa = PBXResourcesBuildPhase;
			buildActionMask = 2147483647;
			files = (
				83F8304F23E8E58E00A03FD1 /* pngs in Resources */,
				83F8305123E8E59900A03FD1 /* wavs in Resources */,
				83074B0023EB056100D35712 /* README.md in Resources */,
				835938A323E1D63D0085CD16 /* Assets.xcassets in Resources */,
				835938A623E1D63D0085CD16 /* MainMenu.xib in Resources */,
			);
			runOnlyForDeploymentPostprocessing = 0;
		};
/* End PBXResourcesBuildPhase section */

/* Begin PBXSourcesBuildPhase section */
		8359389923E1D63C0085CD16 /* Sources */ = {
			isa = PBXSourcesBuildPhase;
			buildActionMask = 2147483647;
			files = (
				8342A1FE2571CF2900ED9776 /* Renderer.swift in Sources */,
				8342A1EF2571CEDF00ED9776 /* InterpolatedAngle.swift in Sources */,
				83074AFB23EB056100D35712 /* Squirrel.swift in Sources */,
				83074B0223EB056100D35712 /* MathsUtils.swift in Sources */,
				83074AF823EB056100D35712 /* NodeExt.swift in Sources */,
				83074B0323EB056100D35712 /* smTrans.swift in Sources */,
				83074AFF23EB056100D35712 /* Chronometers.swift in Sources */,
				8342A2072571D3E800ED9776 /* BuildConfig.swift in Sources */,
				83074AF423EB056100D35712 /* SquirrelJob.swift in Sources */,
				83074AFD23EB056100D35712 /* Node.swift in Sources */,
				83074AF523EB056100D35712 /* ScreenBase.swift in Sources */,
				83074AFA23EB056100D35712 /* NumberNode.swift in Sources */,
				83074AF223EB056100D35712 /* Surfaces.swift in Sources */,
				8342A1EA2571CED400ED9776 /* Language.swift in Sources */,
				8342A1E82571CED400ED9776 /* KeyboardStuff.swift in Sources */,
				8342A1EB2571CED400ED9776 /* FileManagerHelpers.swift in Sources */,
				83074ACF23EB048800D35712 /* Shaders.metal in Sources */,
				83074AF723EB056100D35712 /* Flag1.swift in Sources */,
				83074AF323EB056100D35712 /* SlidingMenu.swift in Sources */,
				83074B0523EB056100D35712 /* AppDelegateMacOS.swift in Sources */,
				8342A1EC2571CED400ED9776 /* swiftHelpers.swift in Sources */,
				8342A1F22571CEEA00ED9776 /* RootNode.swift in Sources */,
				83074AF623EB056100D35712 /* NodeInterfaces.swift in Sources */,
				8342A1E92571CED400ED9776 /* ArrayAndData.swift in Sources */,
				83074AD023EB048800D35712 /* TestMetalView.swift in Sources */,
				8342A1FC2571CF2900ED9776 /* Mesh.swift in Sources */,
				8342A2042571D39200ED9776 /* Sound.swift in Sources */,
				8342A1FD2571CF2900ED9776 /* Texture.swift in Sources */,
				83074AF923EB056100D35712 /* Frame.swift in Sources */,
				83074B0123EB056100D35712 /* SmoothDimension.swift in Sources */,
				83074AFC23EB056100D35712 /* Button.swift in Sources */,
			);
			runOnlyForDeploymentPostprocessing = 0;
		};
/* End PBXSourcesBuildPhase section */

/* Begin PBXVariantGroup section */
		835938A423E1D63D0085CD16 /* MainMenu.xib */ = {
			isa = PBXVariantGroup;
			children = (
				835938A523E1D63D0085CD16 /* Base */,
			);
			name = MainMenu.xib;
			sourceTree = "<group>";
		};
/* End PBXVariantGroup section */

/* Begin XCBuildConfiguration section */
		835938A923E1D63D0085CD16 /* Debug */ = {
			isa = XCBuildConfiguration;
			buildSettings = {
				ALWAYS_SEARCH_USER_PATHS = NO;
				CLANG_ANALYZER_NONNULL = YES;
				CLANG_ANALYZER_NUMBER_OBJECT_CONVERSION = YES_AGGRESSIVE;
				CLANG_CXX_LANGUAGE_STANDARD = "gnu++14";
				CLANG_CXX_LIBRARY = "libc++";
				CLANG_ENABLE_MODULES = YES;
				CLANG_ENABLE_OBJC_ARC = YES;
				CLANG_ENABLE_OBJC_WEAK = YES;
				CLANG_WARN_BLOCK_CAPTURE_AUTORELEASING = YES;
				CLANG_WARN_BOOL_CONVERSION = YES;
				CLANG_WARN_COMMA = YES;
				CLANG_WARN_CONSTANT_CONVERSION = YES;
				CLANG_WARN_DEPRECATED_OBJC_IMPLEMENTATIONS = YES;
				CLANG_WARN_DIRECT_OBJC_ISA_USAGE = YES_ERROR;
				CLANG_WARN_DOCUMENTATION_COMMENTS = YES;
				CLANG_WARN_EMPTY_BODY = YES;
				CLANG_WARN_ENUM_CONVERSION = YES;
				CLANG_WARN_INFINITE_RECURSION = YES;
				CLANG_WARN_INT_CONVERSION = YES;
				CLANG_WARN_NON_LITERAL_NULL_CONVERSION = YES;
				CLANG_WARN_OBJC_IMPLICIT_RETAIN_SELF = YES;
				CLANG_WARN_OBJC_LITERAL_CONVERSION = YES;
				CLANG_WARN_OBJC_ROOT_CLASS = YES_ERROR;
				CLANG_WARN_RANGE_LOOP_ANALYSIS = YES;
				CLANG_WARN_STRICT_PROTOTYPES = YES;
				CLANG_WARN_SUSPICIOUS_MOVE = YES;
				CLANG_WARN_UNGUARDED_AVAILABILITY = YES_AGGRESSIVE;
				CLANG_WARN_UNREACHABLE_CODE = YES;
				CLANG_WARN__DUPLICATE_METHOD_MATCH = YES;
				COPY_PHASE_STRIP = NO;
				DEBUG_INFORMATION_FORMAT = dwarf;
				ENABLE_STRICT_OBJC_MSGSEND = YES;
				ENABLE_TESTABILITY = YES;
				GCC_C_LANGUAGE_STANDARD = gnu11;
				GCC_DYNAMIC_NO_PIC = NO;
				GCC_NO_COMMON_BLOCKS = YES;
				GCC_OPTIMIZATION_LEVEL = 0;
				GCC_PREPROCESSOR_DEFINITIONS = (
					"DEBUG=1",
					"$(inherited)",
				);
				GCC_WARN_64_TO_32_BIT_CONVERSION = YES;
				GCC_WARN_ABOUT_RETURN_TYPE = YES_ERROR;
				GCC_WARN_UNDECLARED_SELECTOR = YES;
				GCC_WARN_UNINITIALIZED_AUTOS = YES_AGGRESSIVE;
				GCC_WARN_UNUSED_FUNCTION = YES;
				GCC_WARN_UNUSED_VARIABLE = YES;
				MACOSX_DEPLOYMENT_TARGET = 10.14;
				MTL_ENABLE_DEBUG_INFO = INCLUDE_SOURCE;
				MTL_FAST_MATH = YES;
				ONLY_ACTIVE_ARCH = YES;
				SDKROOT = macosx;
				SWIFT_ACTIVE_COMPILATION_CONDITIONS = DEBUG;
				SWIFT_OPTIMIZATION_LEVEL = "-Onone";
			};
			name = Debug;
		};
		835938AA23E1D63D0085CD16 /* Release */ = {
			isa = XCBuildConfiguration;
			buildSettings = {
				ALWAYS_SEARCH_USER_PATHS = NO;
				CLANG_ANALYZER_NONNULL = YES;
				CLANG_ANALYZER_NUMBER_OBJECT_CONVERSION = YES_AGGRESSIVE;
				CLANG_CXX_LANGUAGE_STANDARD = "gnu++14";
				CLANG_CXX_LIBRARY = "libc++";
				CLANG_ENABLE_MODULES = YES;
				CLANG_ENABLE_OBJC_ARC = YES;
				CLANG_ENABLE_OBJC_WEAK = YES;
				CLANG_WARN_BLOCK_CAPTURE_AUTORELEASING = YES;
				CLANG_WARN_BOOL_CONVERSION = YES;
				CLANG_WARN_COMMA = YES;
				CLANG_WARN_CONSTANT_CONVERSION = YES;
				CLANG_WARN_DEPRECATED_OBJC_IMPLEMENTATIONS = YES;
				CLANG_WARN_DIRECT_OBJC_ISA_USAGE = YES_ERROR;
				CLANG_WARN_DOCUMENTATION_COMMENTS = YES;
				CLANG_WARN_EMPTY_BODY = YES;
				CLANG_WARN_ENUM_CONVERSION = YES;
				CLANG_WARN_INFINITE_RECURSION = YES;
				CLANG_WARN_INT_CONVERSION = YES;
				CLANG_WARN_NON_LITERAL_NULL_CONVERSION = YES;
				CLANG_WARN_OBJC_IMPLICIT_RETAIN_SELF = YES;
				CLANG_WARN_OBJC_LITERAL_CONVERSION = YES;
				CLANG_WARN_OBJC_ROOT_CLASS = YES_ERROR;
				CLANG_WARN_RANGE_LOOP_ANALYSIS = YES;
				CLANG_WARN_STRICT_PROTOTYPES = YES;
				CLANG_WARN_SUSPICIOUS_MOVE = YES;
				CLANG_WARN_UNGUARDED_AVAILABILITY = YES_AGGRESSIVE;
				CLANG_WARN_UNREACHABLE_CODE = YES;
				CLANG_WARN__DUPLICATE_METHOD_MATCH = YES;
				COPY_PHASE_STRIP = NO;
				DEBUG_INFORMATION_FORMAT = "dwarf-with-dsym";
				ENABLE_NS_ASSERTIONS = NO;
				ENABLE_STRICT_OBJC_MSGSEND = YES;
				GCC_C_LANGUAGE_STANDARD = gnu11;
				GCC_NO_COMMON_BLOCKS = YES;
				GCC_WARN_64_TO_32_BIT_CONVERSION = YES;
				GCC_WARN_ABOUT_RETURN_TYPE = YES_ERROR;
				GCC_WARN_UNDECLARED_SELECTOR = YES;
				GCC_WARN_UNINITIALIZED_AUTOS = YES_AGGRESSIVE;
				GCC_WARN_UNUSED_FUNCTION = YES;
				GCC_WARN_UNUSED_VARIABLE = YES;
				MACOSX_DEPLOYMENT_TARGET = 10.14;
				MTL_ENABLE_DEBUG_INFO = NO;
				MTL_FAST_MATH = YES;
				SDKROOT = macosx;
				SWIFT_COMPILATION_MODE = wholemodule;
				SWIFT_OPTIMIZATION_LEVEL = "-O";
			};
			name = Release;
		};
		835938AC23E1D63D0085CD16 /* Debug */ = {
			isa = XCBuildConfiguration;
			buildSettings = {
				ASSETCATALOG_COMPILER_APPICON_NAME = AppIcon;
				CLANG_ENABLE_MODULES = YES;
				CODE_SIGN_ENTITLEMENTS = testcocoblio/testcocoblio.entitlements;
				CODE_SIGN_STYLE = Automatic;
				COMBINE_HIDPI_IMAGES = YES;
				DEVELOPMENT_TEAM = EW5ZL29BJ9;
				ENABLE_HARDENED_RUNTIME = YES;
				INFOPLIST_FILE = testcocoblio/Info.plist;
				LD_RUNPATH_SEARCH_PATHS = (
					"$(inherited)",
					"@executable_path/../Frameworks",
				);
				PRODUCT_BUNDLE_IDENTIFIER = com.Coq.testcocoblio;
				PRODUCT_NAME = "$(TARGET_NAME)";
				SWIFT_OPTIMIZATION_LEVEL = "-Onone";
				SWIFT_VERSION = 5.0;
			};
			name = Debug;
		};
		835938AD23E1D63D0085CD16 /* Release */ = {
			isa = XCBuildConfiguration;
			buildSettings = {
				ASSETCATALOG_COMPILER_APPICON_NAME = AppIcon;
				CLANG_ENABLE_MODULES = YES;
				CODE_SIGN_ENTITLEMENTS = testcocoblio/testcocoblio.entitlements;
				CODE_SIGN_STYLE = Automatic;
				COMBINE_HIDPI_IMAGES = YES;
				DEVELOPMENT_TEAM = EW5ZL29BJ9;
				ENABLE_HARDENED_RUNTIME = YES;
				INFOPLIST_FILE = testcocoblio/Info.plist;
				LD_RUNPATH_SEARCH_PATHS = (
					"$(inherited)",
					"@executable_path/../Frameworks",
				);
				PRODUCT_BUNDLE_IDENTIFIER = com.Coq.testcocoblio;
				PRODUCT_NAME = "$(TARGET_NAME)";
				SWIFT_VERSION = 5.0;
			};
			name = Release;
		};
/* End XCBuildConfiguration section */

/* Begin XCConfigurationList section */
		8359389823E1D63C0085CD16 /* Build configuration list for PBXProject "testcocoblio" */ = {
			isa = XCConfigurationList;
			buildConfigurations = (
				835938A923E1D63D0085CD16 /* Debug */,
				835938AA23E1D63D0085CD16 /* Release */,
			);
			defaultConfigurationIsVisible = 0;
			defaultConfigurationName = Release;
		};
		835938AB23E1D63D0085CD16 /* Build configuration list for PBXNativeTarget "testcocoblio" */ = {
			isa = XCConfigurationList;
			buildConfigurations = (
				835938AC23E1D63D0085CD16 /* Debug */,
				835938AD23E1D63D0085CD16 /* Release */,
			);
			defaultConfigurationIsVisible = 0;
			defaultConfigurationName = Release;
		};
/* End XCConfigurationList section */
	};
	rootObject = 8359389523E1D63C0085CD16 /* Project object */;
}
